
Microsoft Visual Studio Solution File, Format Version 12.00
# Visual Studio Version 16
VisualStudioVersion = 16.0.28315.86
MinimumVisualStudioVersion = 10.0.40219.1
Project("{FAE04EC0-301F-11D3-BF4B-00C04F79EFBC}") = "IngestToEventHub", "ConsoleApp1\IngestToEventHub.csproj", "{0C5D5D7C-BF0B-4FCA-BC87-92F08A49FA64}"
EndProject
Project("{FAE04EC0-301F-11D3-BF4B-00C04F79EFBC}") = "ReadFromEventHub", "ReadFromEventHub\ReadFromEventHub.csproj", "{CF2808CB-AAE0-44B1-AAF3-671086A7F7E5}"
EndProject
Global
	GlobalSection(SolutionConfigurationPlatforms) = preSolution
		Debug|Any CPU = Debug|Any CPU
		Release|Any CPU = Release|Any CPU
	EndGlobalSection
	GlobalSection(ProjectConfigurationPlatforms) = postSolution
		{0C5D5D7C-BF0B-4FCA-BC87-92F08A49FA64}.Debug|Any CPU.ActiveCfg = Debug|Any CPU
		{0C5D5D7C-BF0B-4FCA-BC87-92F08A49FA64}.Debug|Any CPU.Build.0 = Debug|Any CPU
		{0C5D5D7C-BF0B-4FCA-BC87-92F08A49FA64}.Release|Any CPU.ActiveCfg = Release|Any CPU
		{0C5D5D7C-BF0B-4FCA-BC87-92F08A49FA64}.Release|Any CPU.Build.0 = Release|Any CPU
		{CF2808CB-AAE0-44B1-AAF3-671086A7F7E5}.Debug|Any CPU.ActiveCfg = Debug|Any CPU
		{CF2808CB-AAE0-44B1-AAF3-671086A7F7E5}.Debug|Any CPU.Build.0 = Debug|Any CPU
		{CF2808CB-AAE0-44B1-AAF3-671086A7F7E5}.Release|Any CPU.ActiveCfg = Release|Any CPU
		{CF2808CB-AAE0-44B1-AAF3-671086A7F7E5}.Release|Any CPU.Build.0 = Release|Any CPU
	EndGlobalSection
	GlobalSection(SolutionProperties) = preSolution
		HideSolutionNode = FALSE
	EndGlobalSection
	GlobalSection(ExtensibilityGlobals) = postSolution
		SolutionGuid = {857A487A-1989-4B5F-86EE-02C15A822DE4}
	EndGlobalSection
EndGlobal
